// !$*UTF8*$!
{
	archiveVersion = 1;
	classes = {
	};
	objectVersion = 46;
	objects = {

/* Begin PBXBuildFile section */
		C304116E1CACFEF40091649B /* main.m in Sources */ = {isa = PBXBuildFile; fileRef = C304116D1CACFEF40091649B /* main.m */; };
		C30411711CACFEF40091649B /* AppDelegate.m in Sources */ = {isa = PBXBuildFile; fileRef = C30411701CACFEF40091649B /* AppDelegate.m */; };
		C30411741CACFEF40091649B /* ViewController.m in Sources */ = {isa = PBXBuildFile; fileRef = C30411731CACFEF40091649B /* ViewController.m */; };
		C30411771CACFEF40091649B /* Main.storyboard in Resources */ = {isa = PBXBuildFile; fileRef = C30411751CACFEF40091649B /* Main.storyboard */; };
		C30411791CACFEF50091649B /* Assets.xcassets in Resources */ = {isa = PBXBuildFile; fileRef = C30411781CACFEF50091649B /* Assets.xcassets */; };
		C304117C1CACFEF50091649B /* LaunchScreen.storyboard in Resources */ = {isa = PBXBuildFile; fileRef = C304117A1CACFEF50091649B /* LaunchScreen.storyboard */; };
		C30411871CACFEF50091649B /* _____Tests.m in Sources */ = {isa = PBXBuildFile; fileRef = C30411861CACFEF50091649B /* _____Tests.m */; };
		C30411921CACFEF50091649B /* _____UITests.m in Sources */ = {isa = PBXBuildFile; fileRef = C30411911CACFEF50091649B /* _____UITests.m */; };
		C304122B1CAD02240091649B /* Security.framework in Frameworks */ = {isa = PBXBuildFile; fileRef = C304122A1CAD02240091649B /* Security.framework */; };
		C304122D1CAD02340091649B /* libiconv.tbd in Frameworks */ = {isa = PBXBuildFile; fileRef = C304122C1CAD02340091649B /* libiconv.tbd */; };
		C304122F1CAD02400091649B /* SystemConfiguration.framework in Frameworks */ = {isa = PBXBuildFile; fileRef = C304122E1CAD02400091649B /* SystemConfiguration.framework */; };
		C30412311CAD024E0091649B /* CoreGraphics.framework in Frameworks */ = {isa = PBXBuildFile; fileRef = C30412301CAD024E0091649B /* CoreGraphics.framework */; };
		C30412331CAD02630091649B /* libsqlite3.tbd in Frameworks */ = {isa = PBXBuildFile; fileRef = C30412321CAD02630091649B /* libsqlite3.tbd */; };
		C30412351CAD026B0091649B /* CoreTelephony.framework in Frameworks */ = {isa = PBXBuildFile; fileRef = C30412341CAD026B0091649B /* CoreTelephony.framework */; };
		C30412371CAD02790091649B /* libstdc++.tbd in Frameworks */ = {isa = PBXBuildFile; fileRef = C30412361CAD02790091649B /* libstdc++.tbd */; };
		C30412391CAD02830091649B /* libz.tbd in Frameworks */ = {isa = PBXBuildFile; fileRef = C30412381CAD02830091649B /* libz.tbd */; };
		C304127F1CAD03AE0091649B /* UMSocialLocalizable.strings in Resources */ = {isa = PBXBuildFile; fileRef = C304123C1CAD03AD0091649B /* UMSocialLocalizable.strings */; };
		C30412801CAD03AE0091649B /* libUMSocial_Sdk_5.0.1.a in Frameworks */ = {isa = PBXBuildFile; fileRef = C304124A1CAD03AD0091649B /* libUMSocial_Sdk_5.0.1.a */; };
		C30412811CAD03AE0091649B /* UMSCommentDetailController.xib in Resources */ = {isa = PBXBuildFile; fileRef = C304124C1CAD03AD0091649B /* UMSCommentDetailController.xib */; };
		C30412821CAD03AE0091649B /* UMSCommentInputController.xib in Resources */ = {isa = PBXBuildFile; fileRef = C304124D1CAD03AD0091649B /* UMSCommentInputController.xib */; };
		C30412831CAD03AE0091649B /* UMSCommentInputControlleriPad.xib in Resources */ = {isa = PBXBuildFile; fileRef = C304124E1CAD03AD0091649B /* UMSCommentInputControlleriPad.xib */; };
		C30412841CAD03AE0091649B /* UMShareEditViewController.xib in Resources */ = {isa = PBXBuildFile; fileRef = C304124F1CAD03AD0091649B /* UMShareEditViewController.xib */; };
		C30412851CAD03AE0091649B /* UMShareEditViewControlleriPad.xib in Resources */ = {isa = PBXBuildFile; fileRef = C30412501CAD03AD0091649B /* UMShareEditViewControlleriPad.xib */; };
		C30412861CAD03AE0091649B /* UMSLoginViewController.xib in Resources */ = {isa = PBXBuildFile; fileRef = C30412511CAD03AD0091649B /* UMSLoginViewController.xib */; };
		C30412871CAD03AE0091649B /* UMSnsAccountViewController.xib in Resources */ = {isa = PBXBuildFile; fileRef = C30412521CAD03AD0091649B /* UMSnsAccountViewController.xib */; };
		C30412881CAD03AE0091649B /* UMSShareListController.xib in Resources */ = {isa = PBXBuildFile; fileRef = C30412531CAD03AD0091649B /* UMSShareListController.xib */; };
		C30412891CAD03AE0091649B /* UMSocialSDKResourcesNew.bundle in Resources */ = {isa = PBXBuildFile; fileRef = C30412541CAD03AD0091649B /* UMSocialSDKResourcesNew.bundle */; };
		C304128A1CAD03AE0091649B /* libSocialSinaSSO.a in Frameworks */ = {isa = PBXBuildFile; fileRef = C30412581CAD03AD0091649B /* libSocialSinaSSO.a */; };
		C304128B1CAD03AE0091649B /* libWeiboSDK.a in Frameworks */ = {isa = PBXBuildFile; fileRef = C30412591CAD03AD0091649B /* libWeiboSDK.a */; };
		C304128C1CAD03AE0091649B /* WeiboSDK.bundle in Resources */ = {isa = PBXBuildFile; fileRef = C30412631CAD03AD0091649B /* WeiboSDK.bundle */; };
		C304128D1CAD03AE0091649B /* libSocialQQ.a in Frameworks */ = {isa = PBXBuildFile; fileRef = C30412671CAD03AD0091649B /* libSocialQQ.a */; };
		C304128E1CAD03AE0091649B /* TencentOpenAPI.framework in Frameworks */ = {isa = PBXBuildFile; fileRef = C30412681CAD03AD0091649B /* TencentOpenAPI.framework */; };
		C304128F1CAD03AE0091649B /* TencentOpenApi_IOS_Bundle.bundle in Resources */ = {isa = PBXBuildFile; fileRef = C30412691CAD03AD0091649B /* TencentOpenApi_IOS_Bundle.bundle */; };
		C30412901CAD03AE0091649B /* libSocialWechat.a in Frameworks */ = {isa = PBXBuildFile; fileRef = C304126C1CAD03AE0091649B /* libSocialWechat.a */; };
		C30412911CAD03AE0091649B /* libWeChatSDK.a in Frameworks */ = {isa = PBXBuildFile; fileRef = C304126D1CAD03AE0091649B /* libWeChatSDK.a */; };
		C30412921CAD03AE0091649B /* iOS-social-analytics-releasenote.html in Resources */ = {isa = PBXBuildFile; fileRef = C30412731CAD03AE0091649B /* iOS-social-analytics-releasenote.html */; };
		C30412931CAD03AE0091649B /* iOS-social-releasenote.html in Resources */ = {isa = PBXBuildFile; fileRef = C30412741CAD03AE0091649B /* iOS-social-releasenote.html */; };
		C30412941CAD03AE0091649B /* ios-social-sdk-comment-detail.html in Resources */ = {isa = PBXBuildFile; fileRef = C30412751CAD03AE0091649B /* ios-social-sdk-comment-detail.html */; };
		C30412951CAD03AE0091649B /* ios-social-sdk-comment-quick.html in Resources */ = {isa = PBXBuildFile; fileRef = C30412761CAD03AE0091649B /* ios-social-sdk-comment-quick.html */; };
		C30412961CAD03AE0091649B /* ios-social-sdk-like.html in Resources */ = {isa = PBXBuildFile; fileRef = C30412771CAD03AE0091649B /* ios-social-sdk-like.html */; };
		C30412971CAD03AE0091649B /* ios-social-sdk-login-detail.html in Resources */ = {isa = PBXBuildFile; fileRef = C30412781CAD03AE0091649B /* ios-social-sdk-login-detail.html */; };
		C30412981CAD03AE0091649B /* ios-social-sdk-login-quick.html in Resources */ = {isa = PBXBuildFile; fileRef = C30412791CAD03AE0091649B /* ios-social-sdk-login-quick.html */; };
		C30412991CAD03AE0091649B /* ios-social-sdk-shake.html in Resources */ = {isa = PBXBuildFile; fileRef = C304127A1CAD03AE0091649B /* ios-social-sdk-shake.html */; };
		C304129A1CAD03AE0091649B /* ios-social-sdk-share-detail.html in Resources */ = {isa = PBXBuildFile; fileRef = C304127B1CAD03AE0091649B /* ios-social-sdk-share-detail.html */; };
		C304129B1CAD03AE0091649B /* ios-social-sdk-share-quick.html in Resources */ = {isa = PBXBuildFile; fileRef = C304127C1CAD03AE0091649B /* ios-social-sdk-share-quick.html */; };
		C304129C1CAD03AE0091649B /* ios-social-sdk-socialbar.html in Resources */ = {isa = PBXBuildFile; fileRef = C304127D1CAD03AE0091649B /* ios-social-sdk-socialbar.html */; };
		C304129D1CAD03AE0091649B /* markdown.css in Resources */ = {isa = PBXBuildFile; fileRef = C304127E1CAD03AE0091649B /* markdown.css */; };
/* End PBXBuildFile section */

/* Begin PBXContainerItemProxy section */
		C30411831CACFEF50091649B /* PBXContainerItemProxy */ = {
			isa = PBXContainerItemProxy;
			containerPortal = C30411611CACFEF40091649B /* Project object */;
			proxyType = 1;
			remoteGlobalIDString = C30411681CACFEF40091649B;
			remoteInfo = "第三方分享";
		};
		C304118E1CACFEF50091649B /* PBXContainerItemProxy */ = {
			isa = PBXContainerItemProxy;
			containerPortal = C30411611CACFEF40091649B /* Project object */;
			proxyType = 1;
			remoteGlobalIDString = C30411681CACFEF40091649B;
			remoteInfo = "第三方分享";
		};
/* End PBXContainerItemProxy section */

/* Begin PBXFileReference section */
		C30411691CACFEF40091649B /* 第三方分享.app */ = {isa = PBXFileReference; explicitFileType = wrapper.application; includeInIndex = 0; path = "第三方分享.app"; sourceTree = BUILT_PRODUCTS_DIR; };
		C304116D1CACFEF40091649B /* main.m */ = {isa = PBXFileReference; lastKnownFileType = sourcecode.c.objc; path = main.m; sourceTree = "<group>"; };
		C304116F1CACFEF40091649B /* AppDelegate.h */ = {isa = PBXFileReference; lastKnownFileType = sourcecode.c.h; path = AppDelegate.h; sourceTree = "<group>"; };
		C30411701CACFEF40091649B /* AppDelegate.m */ = {isa = PBXFileReference; lastKnownFileType = sourcecode.c.objc; path = AppDelegate.m; sourceTree = "<group>"; };
		C30411721CACFEF40091649B /* ViewController.h */ = {isa = PBXFileReference; lastKnownFileType = sourcecode.c.h; path = ViewController.h; sourceTree = "<group>"; };
		C30411731CACFEF40091649B /* ViewController.m */ = {isa = PBXFileReference; lastKnownFileType = sourcecode.c.objc; path = ViewController.m; sourceTree = "<group>"; };
		C30411761CACFEF40091649B /* Base */ = {isa = PBXFileReference; lastKnownFileType = file.storyboard; name = Base; path = Base.lproj/Main.storyboard; sourceTree = "<group>"; };
		C30411781CACFEF50091649B /* Assets.xcassets */ = {isa = PBXFileReference; lastKnownFileType = folder.assetcatalog; path = Assets.xcassets; sourceTree = "<group>"; };
		C304117B1CACFEF50091649B /* Base */ = {isa = PBXFileReference; lastKnownFileType = file.storyboard; name = Base; path = Base.lproj/LaunchScreen.storyboard; sourceTree = "<group>"; };
		C304117D1CACFEF50091649B /* Info.plist */ = {isa = PBXFileReference; lastKnownFileType = text.plist.xml; path = Info.plist; sourceTree = "<group>"; };
		C30411821CACFEF50091649B /* 第三方分享Tests.xctest */ = {isa = PBXFileReference; explicitFileType = wrapper.cfbundle; includeInIndex = 0; path = "第三方分享Tests.xctest"; sourceTree = BUILT_PRODUCTS_DIR; };
		C30411861CACFEF50091649B /* _____Tests.m */ = {isa = PBXFileReference; lastKnownFileType = sourcecode.c.objc; path = "_____Tests.m"; sourceTree = "<group>"; };
		C30411881CACFEF50091649B /* Info.plist */ = {isa = PBXFileReference; lastKnownFileType = text.plist.xml; path = Info.plist; sourceTree = "<group>"; };
		C304118D1CACFEF50091649B /* 第三方分享UITests.xctest */ = {isa = PBXFileReference; explicitFileType = wrapper.cfbundle; includeInIndex = 0; path = "第三方分享UITests.xctest"; sourceTree = BUILT_PRODUCTS_DIR; };
		C30411911CACFEF50091649B /* _____UITests.m */ = {isa = PBXFileReference; lastKnownFileType = sourcecode.c.objc; path = "_____UITests.m"; sourceTree = "<group>"; };
		C30411931CACFEF50091649B /* Info.plist */ = {isa = PBXFileReference; lastKnownFileType = text.plist.xml; path = Info.plist; sourceTree = "<group>"; };
		C30412031CAD00580091649B /* Header.h */ = {isa = PBXFileReference; lastKnownFileType = sourcecode.c.h; path = Header.h; sourceTree = "<group>"; };
		C304122A1CAD02240091649B /* Security.framework */ = {isa = PBXFileReference; lastKnownFileType = wrapper.framework; name = Security.framework; path = System/Library/Frameworks/Security.framework; sourceTree = SDKROOT; };
		C304122C1CAD02340091649B /* libiconv.tbd */ = {isa = PBXFileReference; lastKnownFileType = "sourcecode.text-based-dylib-definition"; name = libiconv.tbd; path = usr/lib/libiconv.tbd; sourceTree = SDKROOT; };
		C304122E1CAD02400091649B /* SystemConfiguration.framework */ = {isa = PBXFileReference; lastKnownFileType = wrapper.framework; name = SystemConfiguration.framework; path = System/Library/Frameworks/SystemConfiguration.framework; sourceTree = SDKROOT; };
		C30412301CAD024E0091649B /* CoreGraphics.framework */ = {isa = PBXFileReference; lastKnownFileType = wrapper.framework; name = CoreGraphics.framework; path = System/Library/Frameworks/CoreGraphics.framework; sourceTree = SDKROOT; };
		C30412321CAD02630091649B /* libsqlite3.tbd */ = {isa = PBXFileReference; lastKnownFileType = "sourcecode.text-based-dylib-definition"; name = libsqlite3.tbd; path = usr/lib/libsqlite3.tbd; sourceTree = SDKROOT; };
		C30412341CAD026B0091649B /* CoreTelephony.framework */ = {isa = PBXFileReference; lastKnownFileType = wrapper.framework; name = CoreTelephony.framework; path = System/Library/Frameworks/CoreTelephony.framework; sourceTree = SDKROOT; };
		C30412361CAD02790091649B /* libstdc++.tbd */ = {isa = PBXFileReference; lastKnownFileType = "sourcecode.text-based-dylib-definition"; name = "libstdc++.tbd"; path = "usr/lib/libstdc++.tbd"; sourceTree = SDKROOT; };
		C30412381CAD02830091649B /* libz.tbd */ = {isa = PBXFileReference; lastKnownFileType = "sourcecode.text-based-dylib-definition"; name = libz.tbd; path = usr/lib/libz.tbd; sourceTree = SDKROOT; };
		C304123D1CAD03AD0091649B /* en */ = {isa = PBXFileReference; lastKnownFileType = text.plist.strings; name = en; path = en.lproj/UMSocialLocalizable.strings; sourceTree = "<group>"; };
		C304123F1CAD03AD0091649B /* UMSocial.h */ = {isa = PBXFileReference; fileEncoding = 4; lastKnownFileType = sourcecode.c.h; path = UMSocial.h; sourceTree = "<group>"; };
		C30412401CAD03AD0091649B /* UMSocialAccountManager.h */ = {isa = PBXFileReference; fileEncoding = 4; lastKnownFileType = sourcecode.c.h; path = UMSocialAccountManager.h; sourceTree = "<group>"; };
		C30412411CAD03AD0091649B /* UMSocialBar.h */ = {isa = PBXFileReference; fileEncoding = 4; lastKnownFileType = sourcecode.c.h; path = UMSocialBar.h; sourceTree = "<group>"; };
		C30412421CAD03AD0091649B /* UMSocialConfig.h */ = {isa = PBXFileReference; fileEncoding = 4; lastKnownFileType = sourcecode.c.h; path = UMSocialConfig.h; sourceTree = "<group>"; };
		C30412431CAD03AD0091649B /* UMSocialControllerService.h */ = {isa = PBXFileReference; fileEncoding = 4; lastKnownFileType = sourcecode.c.h; path = UMSocialControllerService.h; sourceTree = "<group>"; };
		C30412441CAD03AD0091649B /* UMSocialControllerServiceComment.h */ = {isa = PBXFileReference; fileEncoding = 4; lastKnownFileType = sourcecode.c.h; path = UMSocialControllerServiceComment.h; sourceTree = "<group>"; };
		C30412451CAD03AD0091649B /* UMSocialData.h */ = {isa = PBXFileReference; fileEncoding = 4; lastKnownFileType = sourcecode.c.h; path = UMSocialData.h; sourceTree = "<group>"; };
		C30412461CAD03AD0091649B /* UMSocialDataService.h */ = {isa = PBXFileReference; fileEncoding = 4; lastKnownFileType = sourcecode.c.h; path = UMSocialDataService.h; sourceTree = "<group>"; };
		C30412471CAD03AD0091649B /* UMSocialSnsData.h */ = {isa = PBXFileReference; fileEncoding = 4; lastKnownFileType = sourcecode.c.h; path = UMSocialSnsData.h; sourceTree = "<group>"; };
		C30412481CAD03AD0091649B /* UMSocialSnsPlatformManager.h */ = {isa = PBXFileReference; fileEncoding = 4; lastKnownFileType = sourcecode.c.h; path = UMSocialSnsPlatformManager.h; sourceTree = "<group>"; };
		C30412491CAD03AD0091649B /* UMSocialSnsService.h */ = {isa = PBXFileReference; fileEncoding = 4; lastKnownFileType = sourcecode.c.h; path = UMSocialSnsService.h; sourceTree = "<group>"; };
		C304124A1CAD03AD0091649B /* libUMSocial_Sdk_5.0.1.a */ = {isa = PBXFileReference; lastKnownFileType = archive.ar; path = libUMSocial_Sdk_5.0.1.a; sourceTree = "<group>"; };
		C304124C1CAD03AD0091649B /* UMSCommentDetailController.xib */ = {isa = PBXFileReference; fileEncoding = 4; lastKnownFileType = file.xib; path = UMSCommentDetailController.xib; sourceTree = "<group>"; };
		C304124D1CAD03AD0091649B /* UMSCommentInputController.xib */ = {isa = PBXFileReference; fileEncoding = 4; lastKnownFileType = file.xib; path = UMSCommentInputController.xib; sourceTree = "<group>"; };
		C304124E1CAD03AD0091649B /* UMSCommentInputControlleriPad.xib */ = {isa = PBXFileReference; fileEncoding = 4; lastKnownFileType = file.xib; path = UMSCommentInputControlleriPad.xib; sourceTree = "<group>"; };
		C304124F1CAD03AD0091649B /* UMShareEditViewController.xib */ = {isa = PBXFileReference; fileEncoding = 4; lastKnownFileType = file.xib; path = UMShareEditViewController.xib; sourceTree = "<group>"; };
		C30412501CAD03AD0091649B /* UMShareEditViewControlleriPad.xib */ = {isa = PBXFileReference; fileEncoding = 4; lastKnownFileType = file.xib; path = UMShareEditViewControlleriPad.xib; sourceTree = "<group>"; };
		C30412511CAD03AD0091649B /* UMSLoginViewController.xib */ = {isa = PBXFileReference; fileEncoding = 4; lastKnownFileType = file.xib; path = UMSLoginViewController.xib; sourceTree = "<group>"; };
		C30412521CAD03AD0091649B /* UMSnsAccountViewController.xib */ = {isa = PBXFileReference; fileEncoding = 4; lastKnownFileType = file.xib; path = UMSnsAccountViewController.xib; sourceTree = "<group>"; };
		C30412531CAD03AD0091649B /* UMSShareListController.xib */ = {isa = PBXFileReference; fileEncoding = 4; lastKnownFileType = file.xib; path = UMSShareListController.xib; sourceTree = "<group>"; };
		C30412541CAD03AD0091649B /* UMSocialSDKResourcesNew.bundle */ = {isa = PBXFileReference; lastKnownFileType = "wrapper.plug-in"; path = UMSocialSDKResourcesNew.bundle; sourceTree = "<group>"; };
		C30412551CAD03AD0091649B /* zh-Hans */ = {isa = PBXFileReference; lastKnownFileType = text.plist.strings; name = "zh-Hans"; path = "zh-Hans.lproj/UMSocialLocalizable.strings"; sourceTree = "<group>"; };
		C30412581CAD03AD0091649B /* libSocialSinaSSO.a */ = {isa = PBXFileReference; lastKnownFileType = archive.ar; path = libSocialSinaSSO.a; sourceTree = "<group>"; };
		C30412591CAD03AD0091649B /* libWeiboSDK.a */ = {isa = PBXFileReference; lastKnownFileType = archive.ar; path = libWeiboSDK.a; sourceTree = "<group>"; };
		C304125A1CAD03AD0091649B /* UMSocialSinaSSOHandler.h */ = {isa = PBXFileReference; fileEncoding = 4; lastKnownFileType = sourcecode.c.h; path = UMSocialSinaSSOHandler.h; sourceTree = "<group>"; };
		C304125B1CAD03AD0091649B /* WBHttpRequest+WeiboGame.h */ = {isa = PBXFileReference; fileEncoding = 4; lastKnownFileType = sourcecode.c.h; path = "WBHttpRequest+WeiboGame.h"; sourceTree = "<group>"; };
		C304125C1CAD03AD0091649B /* WBHttpRequest+WeiboShare.h */ = {isa = PBXFileReference; fileEncoding = 4; lastKnownFileType = sourcecode.c.h; path = "WBHttpRequest+WeiboShare.h"; sourceTree = "<group>"; };
		C304125D1CAD03AD0091649B /* WBHttpRequest+WeiboToken.h */ = {isa = PBXFileReference; fileEncoding = 4; lastKnownFileType = sourcecode.c.h; path = "WBHttpRequest+WeiboToken.h"; sourceTree = "<group>"; };
		C304125E1CAD03AD0091649B /* WBHttpRequest+WeiboUser.h */ = {isa = PBXFileReference; fileEncoding = 4; lastKnownFileType = sourcecode.c.h; path = "WBHttpRequest+WeiboUser.h"; sourceTree = "<group>"; };
		C304125F1CAD03AD0091649B /* WBHttpRequest.h */ = {isa = PBXFileReference; fileEncoding = 4; lastKnownFileType = sourcecode.c.h; path = WBHttpRequest.h; sourceTree = "<group>"; };
		C30412601CAD03AD0091649B /* WBSDKBasicButton.h */ = {isa = PBXFileReference; fileEncoding = 4; lastKnownFileType = sourcecode.c.h; path = WBSDKBasicButton.h; sourceTree = "<group>"; };
		C30412611CAD03AD0091649B /* WBSDKCommentButton.h */ = {isa = PBXFileReference; fileEncoding = 4; lastKnownFileType = sourcecode.c.h; path = WBSDKCommentButton.h; sourceTree = "<group>"; };
		C30412621CAD03AD0091649B /* WBSDKRelationshipButton.h */ = {isa = PBXFileReference; fileEncoding = 4; lastKnownFileType = sourcecode.c.h; path = WBSDKRelationshipButton.h; sourceTree = "<group>"; };
		C30412631CAD03AD0091649B /* WeiboSDK.bundle */ = {isa = PBXFileReference; lastKnownFileType = "wrapper.plug-in"; path = WeiboSDK.bundle; sourceTree = "<group>"; };
		C30412641CAD03AD0091649B /* WeiboSDK.h */ = {isa = PBXFileReference; fileEncoding = 4; lastKnownFileType = sourcecode.c.h; path = WeiboSDK.h; sourceTree = "<group>"; };
		C30412651CAD03AD0091649B /* WeiboUser.h */ = {isa = PBXFileReference; fileEncoding = 4; lastKnownFileType = sourcecode.c.h; path = WeiboUser.h; sourceTree = "<group>"; };
		C30412671CAD03AD0091649B /* libSocialQQ.a */ = {isa = PBXFileReference; lastKnownFileType = archive.ar; path = libSocialQQ.a; sourceTree = "<group>"; };
		C30412681CAD03AD0091649B /* TencentOpenAPI.framework */ = {isa = PBXFileReference; lastKnownFileType = wrapper.framework; path = TencentOpenAPI.framework; sourceTree = "<group>"; };
		C30412691CAD03AD0091649B /* TencentOpenApi_IOS_Bundle.bundle */ = {isa = PBXFileReference; lastKnownFileType = "wrapper.plug-in"; path = TencentOpenApi_IOS_Bundle.bundle; sourceTree = "<group>"; };
		C304126A1CAD03AD0091649B /* UMSocialQQHandler.h */ = {isa = PBXFileReference; fileEncoding = 4; lastKnownFileType = sourcecode.c.h; path = UMSocialQQHandler.h; sourceTree = "<group>"; };
		C304126C1CAD03AE0091649B /* libSocialWechat.a */ = {isa = PBXFileReference; lastKnownFileType = archive.ar; path = libSocialWechat.a; sourceTree = "<group>"; };
		C304126D1CAD03AE0091649B /* libWeChatSDK.a */ = {isa = PBXFileReference; lastKnownFileType = archive.ar; path = libWeChatSDK.a; sourceTree = "<group>"; };
		C304126E1CAD03AE0091649B /* UMSocialWechatHandler.h */ = {isa = PBXFileReference; fileEncoding = 4; lastKnownFileType = sourcecode.c.h; path = UMSocialWechatHandler.h; sourceTree = "<group>"; };
		C304126F1CAD03AE0091649B /* WechatAuthSDK.h */ = {isa = PBXFileReference; fileEncoding = 4; lastKnownFileType = sourcecode.c.h; path = WechatAuthSDK.h; sourceTree = "<group>"; };
		C30412701CAD03AE0091649B /* WXApi.h */ = {isa = PBXFileReference; fileEncoding = 4; lastKnownFileType = sourcecode.c.h; path = WXApi.h; sourceTree = "<group>"; };
		C30412711CAD03AE0091649B /* WXApiObject.h */ = {isa = PBXFileReference; fileEncoding = 4; lastKnownFileType = sourcecode.c.h; path = WXApiObject.h; sourceTree = "<group>"; };
		C30412731CAD03AE0091649B /* iOS-social-analytics-releasenote.html */ = {isa = PBXFileReference; fileEncoding = 4; lastKnownFileType = text.html; path = "iOS-social-analytics-releasenote.html"; sourceTree = "<group>"; };
		C30412741CAD03AE0091649B /* iOS-social-releasenote.html */ = {isa = PBXFileReference; fileEncoding = 4; lastKnownFileType = text.html; path = "iOS-social-releasenote.html"; sourceTree = "<group>"; };
		C30412751CAD03AE0091649B /* ios-social-sdk-comment-detail.html */ = {isa = PBXFileReference; fileEncoding = 4; lastKnownFileType = text.html; path = "ios-social-sdk-comment-detail.html"; sourceTree = "<group>"; };
		C30412761CAD03AE0091649B /* ios-social-sdk-comment-quick.html */ = {isa = PBXFileReference; fileEncoding = 4; lastKnownFileType = text.html; path = "ios-social-sdk-comment-quick.html"; sourceTree = "<group>"; };
		C30412771CAD03AE0091649B /* ios-social-sdk-like.html */ = {isa = PBXFileReference; fileEncoding = 4; lastKnownFileType = text.html; path = "ios-social-sdk-like.html"; sourceTree = "<group>"; };
		C30412781CAD03AE0091649B /* ios-social-sdk-login-detail.html */ = {isa = PBXFileReference; fileEncoding = 4; lastKnownFileType = text.html; path = "ios-social-sdk-login-detail.html"; sourceTree = "<group>"; };
		C30412791CAD03AE0091649B /* ios-social-sdk-login-quick.html */ = {isa = PBXFileReference; fileEncoding = 4; lastKnownFileType = text.html; path = "ios-social-sdk-login-quick.html"; sourceTree = "<group>"; };
		C304127A1CAD03AE0091649B /* ios-social-sdk-shake.html */ = {isa = PBXFileReference; fileEncoding = 4; lastKnownFileType = text.html; path = "ios-social-sdk-shake.html"; sourceTree = "<group>"; };
		C304127B1CAD03AE0091649B /* ios-social-sdk-share-detail.html */ = {isa = PBXFileReference; fileEncoding = 4; lastKnownFileType = text.html; path = "ios-social-sdk-share-detail.html"; sourceTree = "<group>"; };
		C304127C1CAD03AE0091649B /* ios-social-sdk-share-quick.html */ = {isa = PBXFileReference; fileEncoding = 4; lastKnownFileType = text.html; path = "ios-social-sdk-share-quick.html"; sourceTree = "<group>"; };
		C304127D1CAD03AE0091649B /* ios-social-sdk-socialbar.html */ = {isa = PBXFileReference; fileEncoding = 4; lastKnownFileType = text.html; path = "ios-social-sdk-socialbar.html"; sourceTree = "<group>"; };
		C304127E1CAD03AE0091649B /* markdown.css */ = {isa = PBXFileReference; fileEncoding = 4; lastKnownFileType = text.css; path = markdown.css; sourceTree = "<group>"; };
/* End PBXFileReference section */

/* Begin PBXFrameworksBuildPhase section */
		C30411661CACFEF40091649B /* Frameworks */ = {
			isa = PBXFrameworksBuildPhase;
			buildActionMask = 2147483647;
			files = (
				C304128D1CAD03AE0091649B /* libSocialQQ.a in Frameworks */,
				C30412391CAD02830091649B /* libz.tbd in Frameworks */,
				C304128B1CAD03AE0091649B /* libWeiboSDK.a in Frameworks */,
				C30412371CAD02790091649B /* libstdc++.tbd in Frameworks */,
				C304128E1CAD03AE0091649B /* TencentOpenAPI.framework in Frameworks */,
				C30412351CAD026B0091649B /* CoreTelephony.framework in Frameworks */,
				C30412901CAD03AE0091649B /* libSocialWechat.a in Frameworks */,
				C30412331CAD02630091649B /* libsqlite3.tbd in Frameworks */,
				C30412801CAD03AE0091649B /* libUMSocial_Sdk_5.0.1.a in Frameworks */,
				C30412311CAD024E0091649B /* CoreGraphics.framework in Frameworks */,
				C304122F1CAD02400091649B /* SystemConfiguration.framework in Frameworks */,
				C304128A1CAD03AE0091649B /* libSocialSinaSSO.a in Frameworks */,
				C304122D1CAD02340091649B /* libiconv.tbd in Frameworks */,
				C304122B1CAD02240091649B /* Security.framework in Frameworks */,
				C30412911CAD03AE0091649B /* libWeChatSDK.a in Frameworks */,
			);
			runOnlyForDeploymentPostprocessing = 0;
		};
		C304117F1CACFEF50091649B /* Frameworks */ = {
			isa = PBXFrameworksBuildPhase;
			buildActionMask = 2147483647;
			files = (
			);
			runOnlyForDeploymentPostprocessing = 0;
		};
		C304118A1CACFEF50091649B /* Frameworks */ = {
			isa = PBXFrameworksBuildPhase;
			buildActionMask = 2147483647;
			files = (
			);
			runOnlyForDeploymentPostprocessing = 0;
		};
/* End PBXFrameworksBuildPhase section */

/* Begin PBXGroup section */
		C30411601CACFEF40091649B = {
			isa = PBXGroup;
			children = (
				C30412381CAD02830091649B /* libz.tbd */,
				C30412361CAD02790091649B /* libstdc++.tbd */,
				C30412341CAD026B0091649B /* CoreTelephony.framework */,
				C30412321CAD02630091649B /* libsqlite3.tbd */,
				C30412301CAD024E0091649B /* CoreGraphics.framework */,
				C304122E1CAD02400091649B /* SystemConfiguration.framework */,
				C304122C1CAD02340091649B /* libiconv.tbd */,
				C304122A1CAD02240091649B /* Security.framework */,
				C304116B1CACFEF40091649B /* 第三方分享 */,
				C30411851CACFEF50091649B /* 第三方分享Tests */,
				C30411901CACFEF50091649B /* 第三方分享UITests */,
				C304116A1CACFEF40091649B /* Products */,
			);
			sourceTree = "<group>";
		};
		C304116A1CACFEF40091649B /* Products */ = {
			isa = PBXGroup;
			children = (
				C30411691CACFEF40091649B /* 第三方分享.app */,
				C30411821CACFEF50091649B /* 第三方分享Tests.xctest */,
				C304118D1CACFEF50091649B /* 第三方分享UITests.xctest */,
			);
			name = Products;
			sourceTree = "<group>";
		};
		C304116B1CACFEF40091649B /* 第三方分享 */ = {
			isa = PBXGroup;
			children = (
				C304123A1CAD03AD0091649B /* umeng_ios_social_sdk_5.0.1_arm64_custom */,
				C304116F1CACFEF40091649B /* AppDelegate.h */,
				C30411701CACFEF40091649B /* AppDelegate.m */,
				C30411721CACFEF40091649B /* ViewController.h */,
				C30411731CACFEF40091649B /* ViewController.m */,
				C30412031CAD00580091649B /* Header.h */,
				C30411751CACFEF40091649B /* Main.storyboard */,
				C30411781CACFEF50091649B /* Assets.xcassets */,
				C304117A1CACFEF50091649B /* LaunchScreen.storyboard */,
				C304117D1CACFEF50091649B /* Info.plist */,
				C304116C1CACFEF40091649B /* Supporting Files */,
			);
			path = "第三方分享";
			sourceTree = "<group>";
		};
		C304116C1CACFEF40091649B /* Supporting Files */ = {
			isa = PBXGroup;
			children = (
				C304116D1CACFEF40091649B /* main.m */,
			);
			name = "Supporting Files";
			sourceTree = "<group>";
		};
		C30411851CACFEF50091649B /* 第三方分享Tests */ = {
			isa = PBXGroup;
			children = (
				C30411861CACFEF50091649B /* _____Tests.m */,
				C30411881CACFEF50091649B /* Info.plist */,
			);
			path = "第三方分享Tests";
			sourceTree = "<group>";
		};
		C30411901CACFEF50091649B /* 第三方分享UITests */ = {
			isa = PBXGroup;
			children = (
				C30411911CACFEF50091649B /* _____UITests.m */,
				C30411931CACFEF50091649B /* Info.plist */,
			);
			path = "第三方分享UITests";
			sourceTree = "<group>";
		};
		C304123A1CAD03AD0091649B /* umeng_ios_social_sdk_5.0.1_arm64_custom */ = {
			isa = PBXGroup;
			children = (
				C304123B1CAD03AD0091649B /* UMSocial_Sdk_5.0.1 */,
				C30412561CAD03AD0091649B /* UMSocial_Sdk_Extra_Frameworks */,
				C30412721CAD03AE0091649B /* UMSocial_Sdk_Instructions */,
			);
			path = umeng_ios_social_sdk_5.0.1_arm64_custom;
			sourceTree = "<group>";
		};
		C304123B1CAD03AD0091649B /* UMSocial_Sdk_5.0.1 */ = {
			isa = PBXGroup;
			children = (
				C304123C1CAD03AD0091649B /* UMSocialLocalizable.strings */,
				C304123E1CAD03AD0091649B /* Header */,
				C304124A1CAD03AD0091649B /* libUMSocial_Sdk_5.0.1.a */,
				C304124B1CAD03AD0091649B /* SocialSDKXib */,
				C30412541CAD03AD0091649B /* UMSocialSDKResourcesNew.bundle */,
			);
			path = UMSocial_Sdk_5.0.1;
			sourceTree = "<group>";
		};
		C304123E1CAD03AD0091649B /* Header */ = {
			isa = PBXGroup;
			children = (
				C304123F1CAD03AD0091649B /* UMSocial.h */,
				C30412401CAD03AD0091649B /* UMSocialAccountManager.h */,
				C30412411CAD03AD0091649B /* UMSocialBar.h */,
				C30412421CAD03AD0091649B /* UMSocialConfig.h */,
				C30412431CAD03AD0091649B /* UMSocialControllerService.h */,
				C30412441CAD03AD0091649B /* UMSocialControllerServiceComment.h */,
				C30412451CAD03AD0091649B /* UMSocialData.h */,
				C30412461CAD03AD0091649B /* UMSocialDataService.h */,
				C30412471CAD03AD0091649B /* UMSocialSnsData.h */,
				C30412481CAD03AD0091649B /* UMSocialSnsPlatformManager.h */,
				C30412491CAD03AD0091649B /* UMSocialSnsService.h */,
			);
			path = Header;
			sourceTree = "<group>";
		};
		C304124B1CAD03AD0091649B /* SocialSDKXib */ = {
			isa = PBXGroup;
			children = (
				C304124C1CAD03AD0091649B /* UMSCommentDetailController.xib */,
				C304124D1CAD03AD0091649B /* UMSCommentInputController.xib */,
				C304124E1CAD03AD0091649B /* UMSCommentInputControlleriPad.xib */,
				C304124F1CAD03AD0091649B /* UMShareEditViewController.xib */,
				C30412501CAD03AD0091649B /* UMShareEditViewControlleriPad.xib */,
				C30412511CAD03AD0091649B /* UMSLoginViewController.xib */,
				C30412521CAD03AD0091649B /* UMSnsAccountViewController.xib */,
				C30412531CAD03AD0091649B /* UMSShareListController.xib */,
			);
			path = SocialSDKXib;
			sourceTree = "<group>";
		};
		C30412561CAD03AD0091649B /* UMSocial_Sdk_Extra_Frameworks */ = {
			isa = PBXGroup;
			children = (
				C30412571CAD03AD0091649B /* SinaSSO */,
				C30412661CAD03AD0091649B /* TencentOpenAPI */,
				C304126B1CAD03AD0091649B /* Wechat */,
			);
			path = UMSocial_Sdk_Extra_Frameworks;
			sourceTree = "<group>";
		};
		C30412571CAD03AD0091649B /* SinaSSO */ = {
			isa = PBXGroup;
			children = (
				C30412581CAD03AD0091649B /* libSocialSinaSSO.a */,
				C30412591CAD03AD0091649B /* libWeiboSDK.a */,
				C304125A1CAD03AD0091649B /* UMSocialSinaSSOHandler.h */,
				C304125B1CAD03AD0091649B /* WBHttpRequest+WeiboGame.h */,
				C304125C1CAD03AD0091649B /* WBHttpRequest+WeiboShare.h */,
				C304125D1CAD03AD0091649B /* WBHttpRequest+WeiboToken.h */,
				C304125E1CAD03AD0091649B /* WBHttpRequest+WeiboUser.h */,
				C304125F1CAD03AD0091649B /* WBHttpRequest.h */,
				C30412601CAD03AD0091649B /* WBSDKBasicButton.h */,
				C30412611CAD03AD0091649B /* WBSDKCommentButton.h */,
				C30412621CAD03AD0091649B /* WBSDKRelationshipButton.h */,
				C30412631CAD03AD0091649B /* WeiboSDK.bundle */,
				C30412641CAD03AD0091649B /* WeiboSDK.h */,
				C30412651CAD03AD0091649B /* WeiboUser.h */,
			);
			path = SinaSSO;
			sourceTree = "<group>";
		};
		C30412661CAD03AD0091649B /* TencentOpenAPI */ = {
			isa = PBXGroup;
			children = (
				C30412671CAD03AD0091649B /* libSocialQQ.a */,
				C30412681CAD03AD0091649B /* TencentOpenAPI.framework */,
				C30412691CAD03AD0091649B /* TencentOpenApi_IOS_Bundle.bundle */,
				C304126A1CAD03AD0091649B /* UMSocialQQHandler.h */,
			);
			path = TencentOpenAPI;
			sourceTree = "<group>";
		};
		C304126B1CAD03AD0091649B /* Wechat */ = {
			isa = PBXGroup;
			children = (
				C304126C1CAD03AE0091649B /* libSocialWechat.a */,
				C304126D1CAD03AE0091649B /* libWeChatSDK.a */,
				C304126E1CAD03AE0091649B /* UMSocialWechatHandler.h */,
				C304126F1CAD03AE0091649B /* WechatAuthSDK.h */,
				C30412701CAD03AE0091649B /* WXApi.h */,
				C30412711CAD03AE0091649B /* WXApiObject.h */,
			);
			path = Wechat;
			sourceTree = "<group>";
		};
		C30412721CAD03AE0091649B /* UMSocial_Sdk_Instructions */ = {
			isa = PBXGroup;
			children = (
				C30412731CAD03AE0091649B /* iOS-social-analytics-releasenote.html */,
				C30412741CAD03AE0091649B /* iOS-social-releasenote.html */,
				C30412751CAD03AE0091649B /* ios-social-sdk-comment-detail.html */,
				C30412761CAD03AE0091649B /* ios-social-sdk-comment-quick.html */,
				C30412771CAD03AE0091649B /* ios-social-sdk-like.html */,
				C30412781CAD03AE0091649B /* ios-social-sdk-login-detail.html */,
				C30412791CAD03AE0091649B /* ios-social-sdk-login-quick.html */,
				C304127A1CAD03AE0091649B /* ios-social-sdk-shake.html */,
				C304127B1CAD03AE0091649B /* ios-social-sdk-share-detail.html */,
				C304127C1CAD03AE0091649B /* ios-social-sdk-share-quick.html */,
				C304127D1CAD03AE0091649B /* ios-social-sdk-socialbar.html */,
				C304127E1CAD03AE0091649B /* markdown.css */,
			);
			path = UMSocial_Sdk_Instructions;
			sourceTree = "<group>";
		};
/* End PBXGroup section */

/* Begin PBXNativeTarget section */
		C30411681CACFEF40091649B /* 第三方分享 */ = {
			isa = PBXNativeTarget;
			buildConfigurationList = C30411961CACFEF50091649B /* Build configuration list for PBXNativeTarget "第三方分享" */;
			buildPhases = (
				C30411651CACFEF40091649B /* Sources */,
				C30411661CACFEF40091649B /* Frameworks */,
				C30411671CACFEF40091649B /* Resources */,
			);
			buildRules = (
			);
			dependencies = (
			);
			name = "第三方分享";
			productName = "第三方分享";
			productReference = C30411691CACFEF40091649B /* 第三方分享.app */;
			productType = "com.apple.product-type.application";
		};
		C30411811CACFEF50091649B /* 第三方分享Tests */ = {
			isa = PBXNativeTarget;
			buildConfigurationList = C30411991CACFEF50091649B /* Build configuration list for PBXNativeTarget "第三方分享Tests" */;
			buildPhases = (
				C304117E1CACFEF50091649B /* Sources */,
				C304117F1CACFEF50091649B /* Frameworks */,
				C30411801CACFEF50091649B /* Resources */,
			);
			buildRules = (
			);
			dependencies = (
				C30411841CACFEF50091649B /* PBXTargetDependency */,
			);
			name = "第三方分享Tests";
			productName = "第三方分享Tests";
			productReference = C30411821CACFEF50091649B /* 第三方分享Tests.xctest */;
			productType = "com.apple.product-type.bundle.unit-test";
		};
		C304118C1CACFEF50091649B /* 第三方分享UITests */ = {
			isa = PBXNativeTarget;
			buildConfigurationList = C304119C1CACFEF50091649B /* Build configuration list for PBXNativeTarget "第三方分享UITests" */;
			buildPhases = (
				C30411891CACFEF50091649B /* Sources */,
				C304118A1CACFEF50091649B /* Frameworks */,
				C304118B1CACFEF50091649B /* Resources */,
			);
			buildRules = (
			);
			dependencies = (
				C304118F1CACFEF50091649B /* PBXTargetDependency */,
			);
			name = "第三方分享UITests";
			productName = "第三方分享UITests";
			productReference = C304118D1CACFEF50091649B /* 第三方分享UITests.xctest */;
			productType = "com.apple.product-type.bundle.ui-testing";
		};
/* End PBXNativeTarget section */

/* Begin PBXProject section */
		C30411611CACFEF40091649B /* Project object */ = {
			isa = PBXProject;
			attributes = {
				LastUpgradeCheck = 0720;
				ORGANIZATIONNAME = yjh;
				TargetAttributes = {
					C30411681CACFEF40091649B = {
						CreatedOnToolsVersion = 7.2;
					};
					C30411811CACFEF50091649B = {
						CreatedOnToolsVersion = 7.2;
						TestTargetID = C30411681CACFEF40091649B;
					};
					C304118C1CACFEF50091649B = {
						CreatedOnToolsVersion = 7.2;
						TestTargetID = C30411681CACFEF40091649B;
					};
				};
			};
			buildConfigurationList = C30411641CACFEF40091649B /* Build configuration list for PBXProject "第三方分享" */;
			compatibilityVersion = "Xcode 3.2";
			developmentRegion = English;
			hasScannedForEncodings = 0;
			knownRegions = (
				en,
				Base,
				"zh-Hans",
			);
			mainGroup = C30411601CACFEF40091649B;
			productRefGroup = C304116A1CACFEF40091649B /* Products */;
			projectDirPath = "";
			projectRoot = "";
			targets = (
				C30411681CACFEF40091649B /* 第三方分享 */,
				C30411811CACFEF50091649B /* 第三方分享Tests */,
				C304118C1CACFEF50091649B /* 第三方分享UITests */,
			);
		};
/* End PBXProject section */

/* Begin PBXResourcesBuildPhase section */
		C30411671CACFEF40091649B /* Resources */ = {
			isa = PBXResourcesBuildPhase;
			buildActionMask = 2147483647;
			files = (
				C30412841CAD03AE0091649B /* UMShareEditViewController.xib in Resources */,
				C30412821CAD03AE0091649B /* UMSCommentInputController.xib in Resources */,
				C304129A1CAD03AE0091649B /* ios-social-sdk-share-detail.html in Resources */,
				C30412951CAD03AE0091649B /* ios-social-sdk-comment-quick.html in Resources */,
				C304117C1CACFEF50091649B /* LaunchScreen.storyboard in Resources */,
				C30412941CAD03AE0091649B /* ios-social-sdk-comment-detail.html in Resources */,
				C304128F1CAD03AE0091649B /* TencentOpenApi_IOS_Bundle.bundle in Resources */,
				C304129C1CAD03AE0091649B /* ios-social-sdk-socialbar.html in Resources */,
				C30412921CAD03AE0091649B /* iOS-social-analytics-releasenote.html in Resources */,
				C30412811CAD03AE0091649B /* UMSCommentDetailController.xib in Resources */,
				C30412981CAD03AE0091649B /* ios-social-sdk-login-quick.html in Resources */,
				C304129B1CAD03AE0091649B /* ios-social-sdk-share-quick.html in Resources */,
				C30412931CAD03AE0091649B /* iOS-social-releasenote.html in Resources */,
				C30412861CAD03AE0091649B /* UMSLoginViewController.xib in Resources */,
				C30412831CAD03AE0091649B /* UMSCommentInputControlleriPad.xib in Resources */,
				C30412961CAD03AE0091649B /* ios-social-sdk-like.html in Resources */,
				C30412851CAD03AE0091649B /* UMShareEditViewControlleriPad.xib in Resources */,
				C30411791CACFEF50091649B /* Assets.xcassets in Resources */,
				C304127F1CAD03AE0091649B /* UMSocialLocalizable.strings in Resources */,
				C30411771CACFEF40091649B /* Main.storyboard in Resources */,
				C30412871CAD03AE0091649B /* UMSnsAccountViewController.xib in Resources */,
				C304128C1CAD03AE0091649B /* WeiboSDK.bundle in Resources */,
				C304129D1CAD03AE0091649B /* markdown.css in Resources */,
				C30412991CAD03AE0091649B /* ios-social-sdk-shake.html in Resources */,
				C30412881CAD03AE0091649B /* UMSShareListController.xib in Resources */,
				C30412971CAD03AE0091649B /* ios-social-sdk-login-detail.html in Resources */,
				C30412891CAD03AE0091649B /* UMSocialSDKResourcesNew.bundle in Resources */,
			);
			runOnlyForDeploymentPostprocessing = 0;
		};
		C30411801CACFEF50091649B /* Resources */ = {
			isa = PBXResourcesBuildPhase;
			buildActionMask = 2147483647;
			files = (
			);
			runOnlyForDeploymentPostprocessing = 0;
		};
		C304118B1CACFEF50091649B /* Resources */ = {
			isa = PBXResourcesBuildPhase;
			buildActionMask = 2147483647;
			files = (
			);
			runOnlyForDeploymentPostprocessing = 0;
		};
/* End PBXResourcesBuildPhase section */

/* Begin PBXSourcesBuildPhase section */
		C30411651CACFEF40091649B /* Sources */ = {
			isa = PBXSourcesBuildPhase;
			buildActionMask = 2147483647;
			files = (
				C30411741CACFEF40091649B /* ViewController.m in Sources */,
				C30411711CACFEF40091649B /* AppDelegate.m in Sources */,
				C304116E1CACFEF40091649B /* main.m in Sources */,
			);
			runOnlyForDeploymentPostprocessing = 0;
		};
		C304117E1CACFEF50091649B /* Sources */ = {
			isa = PBXSourcesBuildPhase;
			buildActionMask = 2147483647;
			files = (
				C30411871CACFEF50091649B /* _____Tests.m in Sources */,
			);
			runOnlyForDeploymentPostprocessing = 0;
		};
		C30411891CACFEF50091649B /* Sources */ = {
			isa = PBXSourcesBuildPhase;
			buildActionMask = 2147483647;
			files = (
				C30411921CACFEF50091649B /* _____UITests.m in Sources */,
			);
			runOnlyForDeploymentPostprocessing = 0;
		};
/* End PBXSourcesBuildPhase section */

/* Begin PBXTargetDependency section */
		C30411841CACFEF50091649B /* PBXTargetDependency */ = {
			isa = PBXTargetDependency;
			target = C30411681CACFEF40091649B /* 第三方分享 */;
			targetProxy = C30411831CACFEF50091649B /* PBXContainerItemProxy */;
		};
		C304118F1CACFEF50091649B /* PBXTargetDependency */ = {
			isa = PBXTargetDependency;
			target = C30411681CACFEF40091649B /* 第三方分享 */;
			targetProxy = C304118E1CACFEF50091649B /* PBXContainerItemProxy */;
		};
/* End PBXTargetDependency section */

/* Begin PBXVariantGroup section */
		C30411751CACFEF40091649B /* Main.storyboard */ = {
			isa = PBXVariantGroup;
			children = (
				C30411761CACFEF40091649B /* Base */,
			);
			name = Main.storyboard;
			sourceTree = "<group>";
		};
		C304117A1CACFEF50091649B /* LaunchScreen.storyboard */ = {
			isa = PBXVariantGroup;
			children = (
				C304117B1CACFEF50091649B /* Base */,
			);
			name = LaunchScreen.storyboard;
			sourceTree = "<group>";
		};
		C304123C1CAD03AD0091649B /* UMSocialLocalizable.strings */ = {
			isa = PBXVariantGroup;
			children = (
				C304123D1CAD03AD0091649B /* en */,
				C30412551CAD03AD0091649B /* zh-Hans */,
			);
			name = UMSocialLocalizable.strings;
			sourceTree = "<group>";
		};
/* End PBXVariantGroup section */

/* Begin XCBuildConfiguration section */
		C30411941CACFEF50091649B /* Debug */ = {
			isa = XCBuildConfiguration;
			buildSettings = {
				ALWAYS_SEARCH_USER_PATHS = NO;
				CLANG_CXX_LANGUAGE_STANDARD = "gnu++0x";
				CLANG_CXX_LIBRARY = "libc++";
				CLANG_ENABLE_MODULES = YES;
				CLANG_ENABLE_OBJC_ARC = YES;
				CLANG_WARN_BOOL_CONVERSION = YES;
				CLANG_WARN_CONSTANT_CONVERSION = YES;
				CLANG_WARN_DIRECT_OBJC_ISA_USAGE = YES_ERROR;
				CLANG_WARN_EMPTY_BODY = YES;
				CLANG_WARN_ENUM_CONVERSION = YES;
				CLANG_WARN_INT_CONVERSION = YES;
				CLANG_WARN_OBJC_ROOT_CLASS = YES_ERROR;
				CLANG_WARN_UNREACHABLE_CODE = YES;
				CLANG_WARN__DUPLICATE_METHOD_MATCH = YES;
				"CODE_SIGN_IDENTITY[sdk=iphoneos*]" = "iPhone Developer";
				COPY_PHASE_STRIP = NO;
				DEBUG_INFORMATION_FORMAT = dwarf;
				ENABLE_STRICT_OBJC_MSGSEND = YES;
				ENABLE_TESTABILITY = YES;
				GCC_C_LANGUAGE_STANDARD = gnu99;
				GCC_DYNAMIC_NO_PIC = NO;
				GCC_NO_COMMON_BLOCKS = YES;
				GCC_OPTIMIZATION_LEVEL = 0;
				GCC_PREPROCESSOR_DEFINITIONS = (
					"DEBUG=1",
					"$(inherited)",
				);
				GCC_WARN_64_TO_32_BIT_CONVERSION = YES;
				GCC_WARN_ABOUT_RETURN_TYPE = YES_ERROR;
				GCC_WARN_UNDECLARED_SELECTOR = YES;
				GCC_WARN_UNINITIALIZED_AUTOS = YES_AGGRESSIVE;
				GCC_WARN_UNUSED_FUNCTION = YES;
				GCC_WARN_UNUSED_VARIABLE = YES;
				IPHONEOS_DEPLOYMENT_TARGET = 9.2;
				MTL_ENABLE_DEBUG_INFO = YES;
				ONLY_ACTIVE_ARCH = YES;
				SDKROOT = iphoneos;
			};
			name = Debug;
		};
		C30411951CACFEF50091649B /* Release */ = {
			isa = XCBuildConfiguration;
			buildSettings = {
				ALWAYS_SEARCH_USER_PATHS = NO;
				CLANG_CXX_LANGUAGE_STANDARD = "gnu++0x";
				CLANG_CXX_LIBRARY = "libc++";
				CLANG_ENABLE_MODULES = YES;
				CLANG_ENABLE_OBJC_ARC = YES;
				CLANG_WARN_BOOL_CONVERSION = YES;
				CLANG_WARN_CONSTANT_CONVERSION = YES;
				CLANG_WARN_DIRECT_OBJC_ISA_USAGE = YES_ERROR;
				CLANG_WARN_EMPTY_BODY = YES;
				CLANG_WARN_ENUM_CONVERSION = YES;
				CLANG_WARN_INT_CONVERSION = YES;
				CLANG_WARN_OBJC_ROOT_CLASS = YES_ERROR;
				CLANG_WARN_UNREACHABLE_CODE = YES;
				CLANG_WARN__DUPLICATE_METHOD_MATCH = YES;
				"CODE_SIGN_IDENTITY[sdk=iphoneos*]" = "iPhone Developer";
				COPY_PHASE_STRIP = NO;
				DEBUG_INFORMATION_FORMAT = "dwarf-with-dsym";
				ENABLE_NS_ASSERTIONS = NO;
				ENABLE_STRICT_OBJC_MSGSEND = YES;
				GCC_C_LANGUAGE_STANDARD = gnu99;
				GCC_NO_COMMON_BLOCKS = YES;
				GCC_WARN_64_TO_32_BIT_CONVERSION = YES;
				GCC_WARN_ABOUT_RETURN_TYPE = YES_ERROR;
				GCC_WARN_UNDECLARED_SELECTOR = YES;
				GCC_WARN_UNINITIALIZED_AUTOS = YES_AGGRESSIVE;
				GCC_WARN_UNUSED_FUNCTION = YES;
				GCC_WARN_UNUSED_VARIABLE = YES;
				IPHONEOS_DEPLOYMENT_TARGET = 9.2;
				MTL_ENABLE_DEBUG_INFO = NO;
				SDKROOT = iphoneos;
				VALIDATE_PRODUCT = YES;
			};
			name = Release;
		};
		C30411971CACFEF50091649B /* Debug */ = {
			isa = XCBuildConfiguration;
			buildSettings = {
				ASSETCATALOG_COMPILER_APPICON_NAME = AppIcon;
				FRAMEWORK_SEARCH_PATHS = (
					"$(inherited)",
					"$(PROJECT_DIR)/第三方分享/umeng_ios_social_sdk_5.0.1_arm64_custom/UMSocial_Sdk_Extra_Frameworks/TencentOpenAPI",
				);
				INFOPLIST_FILE = "第三方分享/Info.plist";
				LD_RUNPATH_SEARCH_PATHS = "$(inherited) @executable_path/Frameworks";
				LIBRARY_SEARCH_PATHS = (
					"$(inherited)",
					"$(PROJECT_DIR)/第三方分享/umeng_ios_social_sdk_5.0.1_arm64_custom/UMSocial_Sdk_5.0.1",
					"$(PROJECT_DIR)/第三方分享/umeng_ios_social_sdk_5.0.1_arm64_custom/UMSocial_Sdk_Extra_Frameworks/SinaSSO",
					"$(PROJECT_DIR)/第三方分享/umeng_ios_social_sdk_5.0.1_arm64_custom/UMSocial_Sdk_Extra_Frameworks/TencentOpenAPI",
					"$(PROJECT_DIR)/第三方分享/umeng_ios_social_sdk_5.0.1_arm64_custom/UMSocial_Sdk_Extra_Frameworks/Wechat",
					"$(PROJECT_DIR)/第三方分享/UMSocial_Sdk_5.0.1",
				);
				PRODUCT_BUNDLE_IDENTIFIER = "yjh.-----";
				PRODUCT_NAME = "$(TARGET_NAME)";
			};
			name = Debug;
		};
		C30411981CACFEF50091649B /* Release */ = {
			isa = XCBuildConfiguration;
			buildSettings = {
				ASSETCATALOG_COMPILER_APPICON_NAME = AppIcon;
				FRAMEWORK_SEARCH_PATHS = (
					"$(inherited)",
					"$(PROJECT_DIR)/第三方分享/umeng_ios_social_sdk_5.0.1_arm64_custom/UMSocial_Sdk_Extra_Frameworks/TencentOpenAPI",
				);
				INFOPLIST_FILE = "第三方分享/Info.plist";
				LD_RUNPATH_SEARCH_PATHS = "$(inherited) @executable_path/Frameworks";
				LIBRARY_SEARCH_PATHS = (
					"$(inherited)",
					"$(PROJECT_DIR)/第三方分享/umeng_ios_social_sdk_5.0.1_arm64_custom/UMSocial_Sdk_5.0.1",
					"$(PROJECT_DIR)/第三方分享/umeng_ios_social_sdk_5.0.1_arm64_custom/UMSocial_Sdk_Extra_Frameworks/SinaSSO",
					"$(PROJECT_DIR)/第三方分享/umeng_ios_social_sdk_5.0.1_arm64_custom/UMSocial_Sdk_Extra_Frameworks/TencentOpenAPI",
					"$(PROJECT_DIR)/第三方分享/umeng_ios_social_sdk_5.0.1_arm64_custom/UMSocial_Sdk_Extra_Frameworks/Wechat",
					"$(PROJECT_DIR)/第三方分享/UMSocial_Sdk_5.0.1",
				);
				PRODUCT_BUNDLE_IDENTIFIER = "yjh.-----";
				PRODUCT_NAME = "$(TARGET_NAME)";
			};
			name = Release;
		};
		C304119A1CACFEF50091649B /* Debug */ = {
			isa = XCBuildConfiguration;
			buildSettings = {
				BUNDLE_LOADER = "$(TEST_HOST)";
				INFOPLIST_FILE = "第三方分享Tests/Info.plist";
				LD_RUNPATH_SEARCH_PATHS = "$(inherited) @executable_path/Frameworks @loader_path/Frameworks";
				PRODUCT_BUNDLE_IDENTIFIER = "yjh.-----Tests";
				PRODUCT_NAME = "$(TARGET_NAME)";
				TEST_HOST = "$(BUILT_PRODUCTS_DIR)/第三方分享.app/第三方分享";
			};
			name = Debug;
		};
		C304119B1CACFEF50091649B /* Release */ = {
			isa = XCBuildConfiguration;
			buildSettings = {
				BUNDLE_LOADER = "$(TEST_HOST)";
				INFOPLIST_FILE = "第三方分享Tests/Info.plist";
				LD_RUNPATH_SEARCH_PATHS = "$(inherited) @executable_path/Frameworks @loader_path/Frameworks";
				PRODUCT_BUNDLE_IDENTIFIER = "yjh.-----Tests";
				PRODUCT_NAME = "$(TARGET_NAME)";
				TEST_HOST = "$(BUILT_PRODUCTS_DIR)/第三方分享.app/第三方分享";
			};
			name = Release;
		};
		C304119D1CACFEF50091649B /* Debug */ = {
			isa = XCBuildConfiguration;
			buildSettings = {
				INFOPLIST_FILE = "第三方分享UITests/Info.plist";
				LD_RUNPATH_SEARCH_PATHS = "$(inherited) @executable_path/Frameworks @loader_path/Frameworks";
				PRODUCT_BUNDLE_IDENTIFIER = "yjh.-----UITests";
				PRODUCT_NAME = "$(TARGET_NAME)";
				TEST_TARGET_NAME = "第三方分享";
				USES_XCTRUNNER = YES;
			};
			name = Debug;
		};
		C304119E1CACFEF50091649B /* Release */ = {
			isa = XCBuildConfiguration;
			buildSettings = {
				INFOPLIST_FILE = "第三方分享UITests/Info.plist";
				LD_RUNPATH_SEARCH_PATHS = "$(inherited) @executable_path/Frameworks @loader_path/Frameworks";
				PRODUCT_BUNDLE_IDENTIFIER = "yjh.-----UITests";
				PRODUCT_NAME = "$(TARGET_NAME)";
				TEST_TARGET_NAME = "第三方分享";
				USES_XCTRUNNER = YES;
			};
			name = Release;
		};
/* End XCBuildConfiguration section */

/* Begin XCConfigurationList section */
		C30411641CACFEF40091649B /* Build configuration list for PBXProject "第三方分享" */ = {
			isa = XCConfigurationList;
			buildConfigurations = (
				C30411941CACFEF50091649B /* Debug */,
				C30411951CACFEF50091649B /* Release */,
			);
			defaultConfigurationIsVisible = 0;
			defaultConfigurationName = Release;
		};
		C30411961CACFEF50091649B /* Build configuration list for PBXNativeTarget "第三方分享" */ = {
			isa = XCConfigurationList;
			buildConfigurations = (
				C30411971CACFEF50091649B /* Debug */,
				C30411981CACFEF50091649B /* Release */,
			);
			defaultConfigurationIsVisible = 0;
		};
		C30411991CACFEF50091649B /* Build configuration list for PBXNativeTarget "第三方分享Tests" */ = {
			isa = XCConfigurationList;
			buildConfigurations = (
				C304119A1CACFEF50091649B /* Debug */,
				C304119B1CACFEF50091649B /* Release */,
			);
			defaultConfigurationIsVisible = 0;
		};
		C304119C1CACFEF50091649B /* Build configuration list for PBXNativeTarget "第三方分享UITests" */ = {
			isa = XCConfigurationList;
			buildConfigurations = (
				C304119D1CACFEF50091649B /* Debug */,
				C304119E1CACFEF50091649B /* Release */,
			);
			defaultConfigurationIsVisible = 0;
		};
/* End XCConfigurationList section */
	};
	rootObject = C30411611CACFEF40091649B /* Project object */;
}
